
Microsoft Visual Studio Solution File, Format Version 12.00
# Visual Studio Version 16
VisualStudioVersion = 16.0.30225.117
MinimumVisualStudioVersion = 10.0.40219.1
Project("{FAE04EC0-301F-11D3-BF4B-00C04F79EFBC}") = "SingletonPattern", "SingletonPattern\SingletonPattern.csproj", "{9768B8EF-D6DE-453A-B1DB-7225200A440A}"
EndProject
Project("{FAE04EC0-301F-11D3-BF4B-00C04F79EFBC}") = "SingletonPattern1", "SingletonPattern1\SingletonPattern1.csproj", "{0DBB60F9-A620-44FE-B792-F1CE8B4A15B0}"
EndProject
Global
	GlobalSection(SolutionConfigurationPlatforms) = preSolution
		Debug|Any CPU = Debug|Any CPU
		Release|Any CPU = Release|Any CPU
	EndGlobalSection
	GlobalSection(ProjectConfigurationPlatforms) = postSolution
		{9768B8EF-D6DE-453A-B1DB-7225200A440A}.Debug|Any CPU.ActiveCfg = Debug|Any CPU
		{9768B8EF-D6DE-453A-B1DB-7225200A440A}.Debug|Any CPU.Build.0 = Debug|Any CPU
		{9768B8EF-D6DE-453A-B1DB-7225200A440A}.Release|Any CPU.ActiveCfg = Release|Any CPU
		{9768B8EF-D6DE-453A-B1DB-7225200A440A}.Release|Any CPU.Build.0 = Release|Any CPU
		{0DBB60F9-A620-44FE-B792-F1CE8B4A15B0}.Debug|Any CPU.ActiveCfg = Debug|Any CPU
		{0DBB60F9-A620-44FE-B792-F1CE8B4A15B0}.Debug|Any CPU.Build.0 = Debug|Any CPU
		{0DBB60F9-A620-44FE-B792-F1CE8B4A15B0}.Release|Any CPU.ActiveCfg = Release|Any CPU
		{0DBB60F9-A620-44FE-B792-F1CE8B4A15B0}.Release|Any CPU.Build.0 = Release|Any CPU
	EndGlobalSection
	GlobalSection(SolutionProperties) = preSolution
		HideSolutionNode = FALSE
	EndGlobalSection
	GlobalSection(ExtensibilityGlobals) = postSolution
		SolutionGuid = {8C91A903-D973-4964-95A9-DBA670ECE441}
	EndGlobalSection
EndGlobal
